
Microsoft Visual Studio Solution File, Format Version 12.00
# Visual Studio Version 16
VisualStudioVersion = 16.0.30309.148
MinimumVisualStudioVersion = 10.0.40219.1
Project("{FAE04EC0-301F-11D3-BF4B-00C04F79EFBC}") = "Chef-Zilla", "Chef-Zilla\Chef-Zilla.csproj", "{09A11085-DC8F-41F1-8C24-24CFC5C83C68}"
EndProject
Global
	GlobalSection(SolutionConfigurationPlatforms) = preSolution
		Debug|Any CPU = Debug|Any CPU
		Release|Any CPU = Release|Any CPU
	EndGlobalSection
	GlobalSection(ProjectConfigurationPlatforms) = postSolution
		{09A11085-DC8F-41F1-8C24-24CFC5C83C68}.Debug|Any CPU.ActiveCfg = Debug|Any CPU
		{09A11085-DC8F-41F1-8C24-24CFC5C83C68}.Debug|Any CPU.Build.0 = Debug|Any CPU
		{09A11085-DC8F-41F1-8C24-24CFC5C83C68}.Release|Any CPU.ActiveCfg = Release|Any CPU
		{09A11085-DC8F-41F1-8C24-24CFC5C83C68}.Release|Any CPU.Build.0 = Release|Any CPU
	EndGlobalSection
	GlobalSection(SolutionProperties) = preSolution
		HideSolutionNode = FALSE
	EndGlobalSection
	GlobalSection(ExtensibilityGlobals) = postSolution
		SolutionGuid = {0AEC57D8-2332-4D6A-9BA3-8001881B3639}
	EndGlobalSection
EndGlobal
